
Microsoft Visual Studio Solution File, Format Version 12.00
# Visual Studio Version 17
VisualStudioVersion = 17.1.31903.286
MinimumVisualStudioVersion = 10.0.40219.1
Project("{FAE04EC0-301F-11D3-BF4B-00C04F79EFBC}") = "Ground Station", "Ground Station.csproj", "{738D56B5-DF32-4932-9344-883E9731D3AB}"
EndProject
Global
	GlobalSection(SolutionConfigurationPlatforms) = preSolution
		Debug|Any CPU = Debug|Any CPU
		Release|Any CPU = Release|Any CPU
	EndGlobalSection
	GlobalSection(ProjectConfigurationPlatforms) = postSolution
		{738D56B5-DF32-4932-9344-883E9731D3AB}.Debug|Any CPU.ActiveCfg = Debug|Any CPU
		{738D56B5-DF32-4932-9344-883E9731D3AB}.Debug|Any CPU.Build.0 = Debug|Any CPU
		{738D56B5-DF32-4932-9344-883E9731D3AB}.Release|Any CPU.ActiveCfg = Release|Any CPU
		{738D56B5-DF32-4932-9344-883E9731D3AB}.Release|Any CPU.Build.0 = Release|Any CPU
	EndGlobalSection
	GlobalSection(SolutionProperties) = preSolution
		HideSolutionNode = FALSE
	EndGlobalSection
	GlobalSection(ExtensibilityGlobals) = postSolution
		SolutionGuid = {7357ABB3-A455-404D-BE05-37E12EC38253}
	EndGlobalSection
EndGlobal
